
Microsoft Visual Studio Solution File, Format Version 12.00
# Visual Studio Version 17
VisualStudioVersion = 17.2.32210.308
MinimumVisualStudioVersion = 10.0.40219.1
Project("{FAE04EC0-301F-11D3-BF4B-00C04F79EFBC}") = "ConsoleApp3", "ConsoleApp3\ConsoleApp3.csproj", "{24BE2BE5-185A-47ED-BD52-EC5C2E6D998E}"
EndProject
Global
	GlobalSection(SolutionConfigurationPlatforms) = preSolution
		Debug|Any CPU = Debug|Any CPU
		Release|Any CPU = Release|Any CPU
	EndGlobalSection
	GlobalSection(ProjectConfigurationPlatforms) = postSolution
		{24BE2BE5-185A-47ED-BD52-EC5C2E6D998E}.Debug|Any CPU.ActiveCfg = Debug|Any CPU
		{24BE2BE5-185A-47ED-BD52-EC5C2E6D998E}.Debug|Any CPU.Build.0 = Debug|Any CPU
		{24BE2BE5-185A-47ED-BD52-EC5C2E6D998E}.Release|Any CPU.ActiveCfg = Release|Any CPU
		{24BE2BE5-185A-47ED-BD52-EC5C2E6D998E}.Release|Any CPU.Build.0 = Release|Any CPU
	EndGlobalSection
	GlobalSection(SolutionProperties) = preSolution
		HideSolutionNode = FALSE
	EndGlobalSection
	GlobalSection(ExtensibilityGlobals) = postSolution
		SolutionGuid = {BDEE25CD-C17F-43D0-B3EB-0687668880D2}
	EndGlobalSection
EndGlobal
